
Microsoft Visual Studio Solution File, Format Version 12.00
# Visual Studio Version 17
VisualStudioVersion = 17.4.32912.340
MinimumVisualStudioVersion = 10.0.40219.1
Project("{FAE04EC0-301F-11D3-BF4B-00C04F79EFBC}") = "GenericObjectMapper.WebAPI", "GenericObjectMapper.WebAPI\GenericObjectMapper.WebAPI.csproj", "{3AD7406D-9D36-45D0-8AA3-C71B45A198A5}"
EndProject
Global
	GlobalSection(SolutionConfigurationPlatforms) = preSolution
		Debug|Any CPU = Debug|Any CPU
		Release|Any CPU = Release|Any CPU
	EndGlobalSection
	GlobalSection(ProjectConfigurationPlatforms) = postSolution
		{3AD7406D-9D36-45D0-8AA3-C71B45A198A5}.Debug|Any CPU.ActiveCfg = Debug|Any CPU
		{3AD7406D-9D36-45D0-8AA3-C71B45A198A5}.Debug|Any CPU.Build.0 = Debug|Any CPU
		{3AD7406D-9D36-45D0-8AA3-C71B45A198A5}.Release|Any CPU.ActiveCfg = Release|Any CPU
		{3AD7406D-9D36-45D0-8AA3-C71B45A198A5}.Release|Any CPU.Build.0 = Release|Any CPU
	EndGlobalSection
	GlobalSection(SolutionProperties) = preSolution
		HideSolutionNode = FALSE
	EndGlobalSection
	GlobalSection(ExtensibilityGlobals) = postSolution
		SolutionGuid = {9DE9FBD7-5804-4482-92CD-58F7980F29B2}
	EndGlobalSection
EndGlobal
